
Microsoft Visual Studio Solution File, Format Version 12.00
# Visual Studio 2013
VisualStudioVersion = 12.0.40629.0
MinimumVisualStudioVersion = 10.0.40219.1
Project("{FAE04EC0-301F-11D3-BF4B-00C04F79EFBC}") = "Tests", "src\Tests\Tests.csproj", "{0EBBA21E-A553-47F9-AF29-D5D5C9F0C6E0}"
EndProject
Project("{FAE04EC0-301F-11D3-BF4B-00C04F79EFBC}") = "Utilities", "src\Utilities\Utilities.csproj", "{5A76AF9F-FDBA-4D71-8B36-A8F8391F15D0}"
EndProject
Project("{2150E333-8FDC-42A3-9474-1A3956D46DE8}") = ".deployment", ".deployment", "{CBC22A07-48EA-44EE-BDE0-A783DB7BCE86}"
	ProjectSection(SolutionItems) = preProject
		deployment\Package-Manager.ps1 = deployment\Package-Manager.ps1
		README.md = README.md
	EndProjectSection
EndProject
Project("{2150E333-8FDC-42A3-9474-1A3956D46DE8}") = "UCommerce.CoreLibraries", "UCommerce.CoreLibraries", "{60B5426C-C554-472C-8786-5322B9F834FF}"
	ProjectSection(SolutionItems) = preProject
		src\UCommerce.CoreLibraries\UCommerce.CoreLibraries.nuspec = src\UCommerce.CoreLibraries\UCommerce.CoreLibraries.nuspec
	EndProjectSection
EndProject
Project("{FAE04EC0-301F-11D3-BF4B-00C04F79EFBC}") = "SmokeTester", "src\SmokeTester\SmokeTester.csproj", "{D3E44E8D-405F-4F5E-B93C-B0518049EBB2}"
EndProject
Global
	GlobalSection(SolutionConfigurationPlatforms) = preSolution
		Debug|Any CPU = Debug|Any CPU
		Release|Any CPU = Release|Any CPU
	EndGlobalSection
	GlobalSection(ProjectConfigurationPlatforms) = postSolution
		{0EBBA21E-A553-47F9-AF29-D5D5C9F0C6E0}.Debug|Any CPU.ActiveCfg = Debug|Any CPU
		{0EBBA21E-A553-47F9-AF29-D5D5C9F0C6E0}.Debug|Any CPU.Build.0 = Debug|Any CPU
		{0EBBA21E-A553-47F9-AF29-D5D5C9F0C6E0}.Release|Any CPU.ActiveCfg = Release|Any CPU
		{0EBBA21E-A553-47F9-AF29-D5D5C9F0C6E0}.Release|Any CPU.Build.0 = Release|Any CPU
		{5A76AF9F-FDBA-4D71-8B36-A8F8391F15D0}.Debug|Any CPU.ActiveCfg = Debug|Any CPU
		{5A76AF9F-FDBA-4D71-8B36-A8F8391F15D0}.Debug|Any CPU.Build.0 = Debug|Any CPU
		{5A76AF9F-FDBA-4D71-8B36-A8F8391F15D0}.Release|Any CPU.ActiveCfg = Release|Any CPU
		{5A76AF9F-FDBA-4D71-8B36-A8F8391F15D0}.Release|Any CPU.Build.0 = Release|Any CPU
		{D3E44E8D-405F-4F5E-B93C-B0518049EBB2}.Debug|Any CPU.ActiveCfg = Debug|Any CPU
		{D3E44E8D-405F-4F5E-B93C-B0518049EBB2}.Debug|Any CPU.Build.0 = Debug|Any CPU
		{D3E44E8D-405F-4F5E-B93C-B0518049EBB2}.Release|Any CPU.ActiveCfg = Release|Any CPU
		{D3E44E8D-405F-4F5E-B93C-B0518049EBB2}.Release|Any CPU.Build.0 = Release|Any CPU
	EndGlobalSection
	GlobalSection(SolutionProperties) = preSolution
		HideSolutionNode = FALSE
	EndGlobalSection
EndGlobal
